
Microsoft Visual Studio Solution File, Format Version 12.00
# Visual Studio Version 16
VisualStudioVersion = 16.0.29306.81
MinimumVisualStudioVersion = 10.0.40219.1
Project("{FAE04EC0-301F-11D3-BF4B-00C04F79EFBC}") = "BlazingPizza.App", "BlazingPizza.App\BlazingPizza.App.csproj", "{7C375BE8-341F-46F7-9DBC-54855B7AA60D}"
EndProject
Project("{9A19103F-16F7-4668-BE54-9A1E7A4F7556}") = "BlazingPizza.Server", "BlazingPizza.Server\BlazingPizza.Server.csproj", "{536D04B6-D9FC-4958-B0FC-861569848EFF}"
EndProject
Project("{9A19103F-16F7-4668-BE54-9A1E7A4F7556}") = "BlazingPizza.Shared", "BlazingPizza.Shared\BlazingPizza.Shared.csproj", "{EC58FACF-5047-4AE1-8805-48D0DAA421A7}"
EndProject
Global
	GlobalSection(SolutionConfigurationPlatforms) = preSolution
		Debug|Any CPU = Debug|Any CPU
		Release|Any CPU = Release|Any CPU
	EndGlobalSection
	GlobalSection(ProjectConfigurationPlatforms) = postSolution
		{7C375BE8-341F-46F7-9DBC-54855B7AA60D}.Debug|Any CPU.ActiveCfg = Debug|Any CPU
		{7C375BE8-341F-46F7-9DBC-54855B7AA60D}.Debug|Any CPU.Build.0 = Debug|Any CPU
		{7C375BE8-341F-46F7-9DBC-54855B7AA60D}.Release|Any CPU.ActiveCfg = Release|Any CPU
		{7C375BE8-341F-46F7-9DBC-54855B7AA60D}.Release|Any CPU.Build.0 = Release|Any CPU
		{536D04B6-D9FC-4958-B0FC-861569848EFF}.Debug|Any CPU.ActiveCfg = Debug|Any CPU
		{536D04B6-D9FC-4958-B0FC-861569848EFF}.Debug|Any CPU.Build.0 = Debug|Any CPU
		{536D04B6-D9FC-4958-B0FC-861569848EFF}.Release|Any CPU.ActiveCfg = Release|Any CPU
		{536D04B6-D9FC-4958-B0FC-861569848EFF}.Release|Any CPU.Build.0 = Release|Any CPU
		{EC58FACF-5047-4AE1-8805-48D0DAA421A7}.Debug|Any CPU.ActiveCfg = Debug|Any CPU
		{EC58FACF-5047-4AE1-8805-48D0DAA421A7}.Debug|Any CPU.Build.0 = Debug|Any CPU
		{EC58FACF-5047-4AE1-8805-48D0DAA421A7}.Release|Any CPU.ActiveCfg = Release|Any CPU
		{EC58FACF-5047-4AE1-8805-48D0DAA421A7}.Release|Any CPU.Build.0 = Release|Any CPU
	EndGlobalSection
	GlobalSection(SolutionProperties) = preSolution
		HideSolutionNode = FALSE
	EndGlobalSection
	GlobalSection(ExtensibilityGlobals) = postSolution
		SolutionGuid = {0B74433B-7BC5-4C84-AAD9-2D7AF688D2F4}
	EndGlobalSection
EndGlobal
